// !$*UTF8*$!
{
	archiveVersion = 1;
	classes = {
	};
	objectVersion = 52;
	objects = {

/* Begin PBXBuildFile section */
		230644B0257A5CD600C4465A /* CustomNavigationController.swift in Sources */ = {isa = PBXBuildFile; fileRef = 230644AF257A5CD600C4465A /* CustomNavigationController.swift */; };
		230644B4257A8DD500C4465A /* VacancyForDayEntity.swift in Sources */ = {isa = PBXBuildFile; fileRef = 230644B3257A8DD500C4465A /* VacancyForDayEntity.swift */; };
		230644C3257D3C4200C4465A /* EndPoint.swift in Sources */ = {isa = PBXBuildFile; fileRef = 230644C2257D3C4200C4465A /* EndPoint.swift */; };
		230644C7257D3C6200C4465A /* ApiClient.swift in Sources */ = {isa = PBXBuildFile; fileRef = 230644C6257D3C6100C4465A /* ApiClient.swift */; };
		230644CB257D3CE300C4465A /* VacancyEndpoint.swift in Sources */ = {isa = PBXBuildFile; fileRef = 230644CA257D3CE300C4465A /* VacancyEndpoint.swift */; };
		230644CE257D55D900C4465A /* VacancyApiService.swift in Sources */ = {isa = PBXBuildFile; fileRef = 230644CD257D55D900C4465A /* VacancyApiService.swift */; };
		230644DE257D58A300C4465A /* ServiceLayer.swift in Sources */ = {isa = PBXBuildFile; fileRef = 230644DD257D58A300C4465A /* ServiceLayer.swift */; };
		2336DD28257D6C600068ECFD /* VacancyInteractor.swift in Sources */ = {isa = PBXBuildFile; fileRef = 2336DD27257D6C600068ECFD /* VacancyInteractor.swift */; };
		2336DD2E257D74670068ECFD /* ApiPageEntitiy.swift in Sources */ = {isa = PBXBuildFile; fileRef = 2336DD2D257D74670068ECFD /* ApiPageEntitiy.swift */; };
		2346DCA42577B40D00F80661 /* R.generated.swift in Sources */ = {isa = PBXBuildFile; fileRef = 2346DCA32577B40D00F80661 /* R.generated.swift */; };
		2346DCC32577B56B00F80661 /* DI.swift in Sources */ = {isa = PBXBuildFile; fileRef = 2346DCC22577B56B00F80661 /* DI.swift */; };
		2346DCCB2577B6A200F80661 /* ApiEndpoint.swift in Sources */ = {isa = PBXBuildFile; fileRef = 2346DCCA2577B6A200F80661 /* ApiEndpoint.swift */; };
		2346DCCF2577B6BA00F80661 /* Requests.swift in Sources */ = {isa = PBXBuildFile; fileRef = 2346DCCE2577B6BA00F80661 /* Requests.swift */; };
		2346DCD22577B6CC00F80661 /* ApiBaseGateway.swift in Sources */ = {isa = PBXBuildFile; fileRef = 2346DCD12577B6CC00F80661 /* ApiBaseGateway.swift */; };
		2346DCE22577C1FF00F80661 /* JobsDetail.storyboard in Resources */ = {isa = PBXBuildFile; fileRef = 2346DCE12577C1FF00F80661 /* JobsDetail.storyboard */; };
		2346DCE62577C2C500F80661 /* JobsListViewController.swift in Sources */ = {isa = PBXBuildFile; fileRef = 2346DCE52577C2C500F80661 /* JobsListViewController.swift */; };
		2346DCEC2577C34A00F80661 /* JobsDetailViewController.swift in Sources */ = {isa = PBXBuildFile; fileRef = 2346DCEB2577C34A00F80661 /* JobsDetailViewController.swift */; };
		2346DCEF2577C38100F80661 /* JobsDetailPresenter.swift in Sources */ = {isa = PBXBuildFile; fileRef = 2346DCEE2577C38100F80661 /* JobsDetailPresenter.swift */; };
		2346DCF22577C38900F80661 /* JobsDetailConfigurator.swift in Sources */ = {isa = PBXBuildFile; fileRef = 2346DCF12577C38900F80661 /* JobsDetailConfigurator.swift */; };
		2346DCF52577C39000F80661 /* JobsDetailRouter.swift in Sources */ = {isa = PBXBuildFile; fileRef = 2346DCF42577C39000F80661 /* JobsDetailRouter.swift */; };
		2346DCF82577C39D00F80661 /* JobsListPresenter.swift in Sources */ = {isa = PBXBuildFile; fileRef = 2346DCF72577C39D00F80661 /* JobsListPresenter.swift */; };
		2346DCFB2577C3A500F80661 /* JobsListConfigurator.swift in Sources */ = {isa = PBXBuildFile; fileRef = 2346DCFA2577C3A500F80661 /* JobsListConfigurator.swift */; };
		2346DCFE2577C3AD00F80661 /* JobsListRouter.swift in Sources */ = {isa = PBXBuildFile; fileRef = 2346DCFD2577C3AD00F80661 /* JobsListRouter.swift */; };
		2346DD022577C3E500F80661 /* JobsListCell.swift in Sources */ = {isa = PBXBuildFile; fileRef = 2346DD002577C3E500F80661 /* JobsListCell.swift */; };
		2346DD032577C3E500F80661 /* JobsListCell.xib in Resources */ = {isa = PBXBuildFile; fileRef = 2346DD012577C3E500F80661 /* JobsListCell.xib */; };
		2346DD072577C3FC00F80661 /* JobsListHeaderCell.swift in Sources */ = {isa = PBXBuildFile; fileRef = 2346DD052577C3FC00F80661 /* JobsListHeaderCell.swift */; };
		2346DD082577C3FC00F80661 /* JobsListHeaderCell.xib in Resources */ = {isa = PBXBuildFile; fileRef = 2346DD062577C3FC00F80661 /* JobsListHeaderCell.xib */; };
		2346DD0B2577CE5500F80661 /* BaseRouter.swift in Sources */ = {isa = PBXBuildFile; fileRef = 2346DD0A2577CE5500F80661 /* BaseRouter.swift */; };
		2346DD0E2577CE7D00F80661 /* BaseView.swift in Sources */ = {isa = PBXBuildFile; fileRef = 2346DD0D2577CE7D00F80661 /* BaseView.swift */; };
		2346DD112577CEEC00F80661 /* NavigationControllerUtil.swift in Sources */ = {isa = PBXBuildFile; fileRef = 2346DD102577CEEC00F80661 /* NavigationControllerUtil.swift */; };
		2346DD1A2577CF4E00F80661 /* StubView.swift in Sources */ = {isa = PBXBuildFile; fileRef = 2346DD132577CF4E00F80661 /* StubView.swift */; };
		2346DD1B2577CF4E00F80661 /* StubView.xib in Resources */ = {isa = PBXBuildFile; fileRef = 2346DD142577CF4E00F80661 /* StubView.xib */; };
		2346DD1C2577CF4E00F80661 /* StubLoad.xib in Resources */ = {isa = PBXBuildFile; fileRef = 2346DD162577CF4E00F80661 /* StubLoad.xib */; };
		2346DD1D2577CF4E00F80661 /* StubLoad.swift in Sources */ = {isa = PBXBuildFile; fileRef = 2346DD172577CF4E00F80661 /* StubLoad.swift */; };
		2346DD252577D1C300F80661 /* TableViewUtil.swift in Sources */ = {isa = PBXBuildFile; fileRef = 2346DD242577D1C300F80661 /* TableViewUtil.swift */; };
		2346DD282577D1DC00F80661 /* DateFormatterUtil.swift in Sources */ = {isa = PBXBuildFile; fileRef = 2346DD272577D1DC00F80661 /* DateFormatterUtil.swift */; };
		2346DD2E257807EE00F80661 /* VacancyEntity.swift in Sources */ = {isa = PBXBuildFile; fileRef = 2346DD2D257807EE00F80661 /* VacancyEntity.swift */; };
		2346DD3225780C7100F80661 /* ApiVacancyGateway.swift in Sources */ = {isa = PBXBuildFile; fileRef = 2346DD3125780C7100F80661 /* ApiVacancyGateway.swift */; };
		2346DD3925780D9900F80661 /* VacancyUseCase.swift in Sources */ = {isa = PBXBuildFile; fileRef = 2346DD3825780D9900F80661 /* VacancyUseCase.swift */; };
		2346DD58257814B800F80661 /* ExtendedLoggingInterceptor.swift in Sources */ = {isa = PBXBuildFile; fileRef = 2346DD57257814B800F80661 /* ExtendedLoggingInterceptor.swift */; };
		2346DD5C2578156300F80661 /* ErrorResponseHandler.swift in Sources */ = {isa = PBXBuildFile; fileRef = 2346DD5B2578156300F80661 /* ErrorResponseHandler.swift */; };
		237A8BDB2577ADF60026898B /* AppDelegate.swift in Sources */ = {isa = PBXBuildFile; fileRef = 237A8BDA2577ADF60026898B /* AppDelegate.swift */; };
		237A8BDD2577ADF60026898B /* SceneDelegate.swift in Sources */ = {isa = PBXBuildFile; fileRef = 237A8BDC2577ADF60026898B /* SceneDelegate.swift */; };
		237A8BE22577ADF60026898B /* JobsList.storyboard in Resources */ = {isa = PBXBuildFile; fileRef = 237A8BE02577ADF60026898B /* JobsList.storyboard */; };
		237A8BE42577ADF90026898B /* Assets.xcassets in Resources */ = {isa = PBXBuildFile; fileRef = 237A8BE32577ADF90026898B /* Assets.xcassets */; };
		237A8BE72577ADF90026898B /* LaunchScreen.storyboard in Resources */ = {isa = PBXBuildFile; fileRef = 237A8BE52577ADF90026898B /* LaunchScreen.storyboard */; };
		B53DA930E1BD8057CA0E34EF /* Pods_GitHubJobs.framework in Frameworks */ = {isa = PBXBuildFile; fileRef = B7F7460E40059597F43FC2AD /* Pods_GitHubJobs.framework */; };
/* End PBXBuildFile section */

/* Begin PBXFileReference section */
		230644AF257A5CD600C4465A /* CustomNavigationController.swift */ = {isa = PBXFileReference; lastKnownFileType = sourcecode.swift; path = CustomNavigationController.swift; sourceTree = "<group>"; };
		230644B3257A8DD500C4465A /* VacancyForDayEntity.swift */ = {isa = PBXFileReference; lastKnownFileType = sourcecode.swift; path = VacancyForDayEntity.swift; sourceTree = "<group>"; };
		230644C2257D3C4200C4465A /* EndPoint.swift */ = {isa = PBXFileReference; lastKnownFileType = sourcecode.swift; path = EndPoint.swift; sourceTree = "<group>"; };
		230644C6257D3C6100C4465A /* ApiClient.swift */ = {isa = PBXFileReference; lastKnownFileType = sourcecode.swift; path = ApiClient.swift; sourceTree = "<group>"; };
		230644CA257D3CE300C4465A /* VacancyEndpoint.swift */ = {isa = PBXFileReference; lastKnownFileType = sourcecode.swift; path = VacancyEndpoint.swift; sourceTree = "<group>"; };
		230644CD257D55D900C4465A /* VacancyApiService.swift */ = {isa = PBXFileReference; lastKnownFileType = sourcecode.swift; path = VacancyApiService.swift; sourceTree = "<group>"; };
		230644DD257D58A300C4465A /* ServiceLayer.swift */ = {isa = PBXFileReference; lastKnownFileType = sourcecode.swift; path = ServiceLayer.swift; sourceTree = "<group>"; };
		2336DD27257D6C600068ECFD /* VacancyInteractor.swift */ = {isa = PBXFileReference; lastKnownFileType = sourcecode.swift; path = VacancyInteractor.swift; sourceTree = "<group>"; };
		2336DD2D257D74670068ECFD /* ApiPageEntitiy.swift */ = {isa = PBXFileReference; lastKnownFileType = sourcecode.swift; path = ApiPageEntitiy.swift; sourceTree = "<group>"; };
		2346DCA32577B40D00F80661 /* R.generated.swift */ = {isa = PBXFileReference; fileEncoding = 4; lastKnownFileType = sourcecode.swift; path = R.generated.swift; sourceTree = "<group>"; };
		2346DCC22577B56B00F80661 /* DI.swift */ = {isa = PBXFileReference; lastKnownFileType = sourcecode.swift; path = DI.swift; sourceTree = "<group>"; };
		2346DCCA2577B6A200F80661 /* ApiEndpoint.swift */ = {isa = PBXFileReference; lastKnownFileType = sourcecode.swift; path = ApiEndpoint.swift; sourceTree = "<group>"; };
		2346DCCE2577B6BA00F80661 /* Requests.swift */ = {isa = PBXFileReference; lastKnownFileType = sourcecode.swift; path = Requests.swift; sourceTree = "<group>"; };
		2346DCD12577B6CC00F80661 /* ApiBaseGateway.swift */ = {isa = PBXFileReference; lastKnownFileType = sourcecode.swift; path = ApiBaseGateway.swift; sourceTree = "<group>"; };
		2346DCE12577C1FF00F80661 /* JobsDetail.storyboard */ = {isa = PBXFileReference; lastKnownFileType = file.storyboard; path = JobsDetail.storyboard; sourceTree = "<group>"; };
		2346DCE52577C2C500F80661 /* JobsListViewController.swift */ = {isa = PBXFileReference; lastKnownFileType = sourcecode.swift; path = JobsListViewController.swift; sourceTree = "<group>"; };
		2346DCEB2577C34A00F80661 /* JobsDetailViewController.swift */ = {isa = PBXFileReference; lastKnownFileType = sourcecode.swift; path = JobsDetailViewController.swift; sourceTree = "<group>"; };
		2346DCEE2577C38100F80661 /* JobsDetailPresenter.swift */ = {isa = PBXFileReference; lastKnownFileType = sourcecode.swift; path = JobsDetailPresenter.swift; sourceTree = "<group>"; };
		2346DCF12577C38900F80661 /* JobsDetailConfigurator.swift */ = {isa = PBXFileReference; lastKnownFileType = sourcecode.swift; path = JobsDetailConfigurator.swift; sourceTree = "<group>"; };
		2346DCF42577C39000F80661 /* JobsDetailRouter.swift */ = {isa = PBXFileReference; lastKnownFileType = sourcecode.swift; path = JobsDetailRouter.swift; sourceTree = "<group>"; };
		2346DCF72577C39D00F80661 /* JobsListPresenter.swift */ = {isa = PBXFileReference; lastKnownFileType = sourcecode.swift; path = JobsListPresenter.swift; sourceTree = "<group>"; };
		2346DCFA2577C3A500F80661 /* JobsListConfigurator.swift */ = {isa = PBXFileReference; lastKnownFileType = sourcecode.swift; path = JobsListConfigurator.swift; sourceTree = "<group>"; };
		2346DCFD2577C3AD00F80661 /* JobsListRouter.swift */ = {isa = PBXFileReference; lastKnownFileType = sourcecode.swift; path = JobsListRouter.swift; sourceTree = "<group>"; };
		2346DD002577C3E500F80661 /* JobsListCell.swift */ = {isa = PBXFileReference; lastKnownFileType = sourcecode.swift; path = JobsListCell.swift; sourceTree = "<group>"; };
		2346DD012577C3E500F80661 /* JobsListCell.xib */ = {isa = PBXFileReference; lastKnownFileType = file.xib; path = JobsListCell.xib; sourceTree = "<group>"; };
		2346DD052577C3FC00F80661 /* JobsListHeaderCell.swift */ = {isa = PBXFileReference; lastKnownFileType = sourcecode.swift; path = JobsListHeaderCell.swift; sourceTree = "<group>"; };
		2346DD062577C3FC00F80661 /* JobsListHeaderCell.xib */ = {isa = PBXFileReference; lastKnownFileType = file.xib; path = JobsListHeaderCell.xib; sourceTree = "<group>"; };
		2346DD0A2577CE5500F80661 /* BaseRouter.swift */ = {isa = PBXFileReference; lastKnownFileType = sourcecode.swift; path = BaseRouter.swift; sourceTree = "<group>"; };
		2346DD0D2577CE7D00F80661 /* BaseView.swift */ = {isa = PBXFileReference; lastKnownFileType = sourcecode.swift; path = BaseView.swift; sourceTree = "<group>"; };
		2346DD102577CEEC00F80661 /* NavigationControllerUtil.swift */ = {isa = PBXFileReference; lastKnownFileType = sourcecode.swift; path = NavigationControllerUtil.swift; sourceTree = "<group>"; };
		2346DD132577CF4E00F80661 /* StubView.swift */ = {isa = PBXFileReference; fileEncoding = 4; lastKnownFileType = sourcecode.swift; path = StubView.swift; sourceTree = "<group>"; };
		2346DD142577CF4E00F80661 /* StubView.xib */ = {isa = PBXFileReference; fileEncoding = 4; lastKnownFileType = file.xib; path = StubView.xib; sourceTree = "<group>"; };
		2346DD162577CF4E00F80661 /* StubLoad.xib */ = {isa = PBXFileReference; fileEncoding = 4; lastKnownFileType = file.xib; path = StubLoad.xib; sourceTree = "<group>"; };
		2346DD172577CF4E00F80661 /* StubLoad.swift */ = {isa = PBXFileReference; fileEncoding = 4; lastKnownFileType = sourcecode.swift; path = StubLoad.swift; sourceTree = "<group>"; };
		2346DD242577D1C300F80661 /* TableViewUtil.swift */ = {isa = PBXFileReference; lastKnownFileType = sourcecode.swift; path = TableViewUtil.swift; sourceTree = "<group>"; };
		2346DD272577D1DC00F80661 /* DateFormatterUtil.swift */ = {isa = PBXFileReference; lastKnownFileType = sourcecode.swift; path = DateFormatterUtil.swift; sourceTree = "<group>"; };
		2346DD2D257807EE00F80661 /* VacancyEntity.swift */ = {isa = PBXFileReference; lastKnownFileType = sourcecode.swift; path = VacancyEntity.swift; sourceTree = "<group>"; };
		2346DD3125780C7100F80661 /* ApiVacancyGateway.swift */ = {isa = PBXFileReference; lastKnownFileType = sourcecode.swift; path = ApiVacancyGateway.swift; sourceTree = "<group>"; };
		2346DD3825780D9900F80661 /* VacancyUseCase.swift */ = {isa = PBXFileReference; lastKnownFileType = sourcecode.swift; path = VacancyUseCase.swift; sourceTree = "<group>"; };
		2346DD57257814B800F80661 /* ExtendedLoggingInterceptor.swift */ = {isa = PBXFileReference; lastKnownFileType = sourcecode.swift; path = ExtendedLoggingInterceptor.swift; sourceTree = "<group>"; };
		2346DD5B2578156300F80661 /* ErrorResponseHandler.swift */ = {isa = PBXFileReference; lastKnownFileType = sourcecode.swift; path = ErrorResponseHandler.swift; sourceTree = "<group>"; };
		237A8BD72577ADF60026898B /* GitHubJobs.app */ = {isa = PBXFileReference; explicitFileType = wrapper.application; includeInIndex = 0; path = GitHubJobs.app; sourceTree = BUILT_PRODUCTS_DIR; };
		237A8BDA2577ADF60026898B /* AppDelegate.swift */ = {isa = PBXFileReference; lastKnownFileType = sourcecode.swift; path = AppDelegate.swift; sourceTree = "<group>"; };
		237A8BDC2577ADF60026898B /* SceneDelegate.swift */ = {isa = PBXFileReference; lastKnownFileType = sourcecode.swift; path = SceneDelegate.swift; sourceTree = "<group>"; };
		237A8BE12577ADF60026898B /* Base */ = {isa = PBXFileReference; lastKnownFileType = file.storyboard; name = Base; path = Base.lproj/JobsList.storyboard; sourceTree = "<group>"; };
		237A8BE32577ADF90026898B /* Assets.xcassets */ = {isa = PBXFileReference; lastKnownFileType = folder.assetcatalog; path = Assets.xcassets; sourceTree = "<group>"; };
		237A8BE62577ADF90026898B /* Base */ = {isa = PBXFileReference; lastKnownFileType = file.storyboard; name = Base; path = Base.lproj/LaunchScreen.storyboard; sourceTree = "<group>"; };
		237A8BE82577ADF90026898B /* Info.plist */ = {isa = PBXFileReference; lastKnownFileType = text.plist.xml; path = Info.plist; sourceTree = "<group>"; };
		B72594A25CDC10EE159F08B7 /* Pods-GitHubJobs.debug.xcconfig */ = {isa = PBXFileReference; includeInIndex = 1; lastKnownFileType = text.xcconfig; name = "Pods-GitHubJobs.debug.xcconfig"; path = "Target Support Files/Pods-GitHubJobs/Pods-GitHubJobs.debug.xcconfig"; sourceTree = "<group>"; };
		B7F7460E40059597F43FC2AD /* Pods_GitHubJobs.framework */ = {isa = PBXFileReference; explicitFileType = wrapper.framework; includeInIndex = 0; path = Pods_GitHubJobs.framework; sourceTree = BUILT_PRODUCTS_DIR; };
		C11A95C0DE3B5E1888A6BC76 /* Pods-GitHubJobs.release.xcconfig */ = {isa = PBXFileReference; includeInIndex = 1; lastKnownFileType = text.xcconfig; name = "Pods-GitHubJobs.release.xcconfig"; path = "Target Support Files/Pods-GitHubJobs/Pods-GitHubJobs.release.xcconfig"; sourceTree = "<group>"; };
/* End PBXFileReference section */

/* Begin PBXFrameworksBuildPhase section */
		237A8BD42577ADF60026898B /* Frameworks */ = {
			isa = PBXFrameworksBuildPhase;
			buildActionMask = 2147483647;
			files = (
				B53DA930E1BD8057CA0E34EF /* Pods_GitHubJobs.framework in Frameworks */,
			);
			runOnlyForDeploymentPostprocessing = 0;
		};
/* End PBXFrameworksBuildPhase section */

/* Begin PBXGroup section */
		0EC8E876DE0D295682CCE8A5 /* Frameworks */ = {
			isa = PBXGroup;
			children = (
				B7F7460E40059597F43FC2AD /* Pods_GitHubJobs.framework */,
			);
			name = Frameworks;
			sourceTree = "<group>";
		};
		230644AE257A5CB100C4465A /* CustomNavigationController */ = {
			isa = PBXGroup;
			children = (
				230644AF257A5CD600C4465A /* CustomNavigationController.swift */,
			);
			path = CustomNavigationController;
			sourceTree = "<group>";
		};
		230644BF257D3AA300C4465A /* Services */ = {
			isa = PBXGroup;
			children = (
				230644C0257D3AB300C4465A /* Networking */,
				230644C9257D3C9900C4465A /* Endpoints */,
				230644CD257D55D900C4465A /* VacancyApiService.swift */,
				230644DD257D58A300C4465A /* ServiceLayer.swift */,
			);
			path = Services;
			sourceTree = "<group>";
		};
		230644C0257D3AB300C4465A /* Networking */ = {
			isa = PBXGroup;
			children = (
				230644C1257D3C3900C4465A /* Common */,
			);
			path = Networking;
			sourceTree = "<group>";
		};
		230644C1257D3C3900C4465A /* Common */ = {
			isa = PBXGroup;
			children = (
				230644C2257D3C4200C4465A /* EndPoint.swift */,
				230644C6257D3C6100C4465A /* ApiClient.swift */,
			);
			path = Common;
			sourceTree = "<group>";
		};
		230644C9257D3C9900C4465A /* Endpoints */ = {
			isa = PBXGroup;
			children = (
				230644CA257D3CE300C4465A /* VacancyEndpoint.swift */,
			);
			path = Endpoints;
			sourceTree = "<group>";
		};
		2346DCC52577B5B600F80661 /* Src */ = {
			isa = PBXGroup;
			children = (
				230644BF257D3AA300C4465A /* Services */,
				2346DCC72577B66700F80661 /* Core */,
				2346DCC82577B66C00F80661 /* App */,
			);
			path = Src;
			sourceTree = "<group>";
		};
		2346DCC62577B5C900F80661 /* SupportingFiles */ = {
			isa = PBXGroup;
			children = (
				237A8BE32577ADF90026898B /* Assets.xcassets */,
				237A8BE52577ADF90026898B /* LaunchScreen.storyboard */,
				237A8BE82577ADF90026898B /* Info.plist */,
			);
			path = SupportingFiles;
			sourceTree = "<group>";
		};
		2346DCC72577B66700F80661 /* Core */ = {
			isa = PBXGroup;
			children = (
				2346DCC92577B67C00F80661 /* ApiClient */,
				2346DCD52577B70200F80661 /* Gateway */,
				2346DCD62577B70F00F80661 /* UseCases */,
				2346DCD72577B71B00F80661 /* Entity */,
			);
			path = Core;
			sourceTree = "<group>";
		};
		2346DCC82577B66C00F80661 /* App */ = {
			isa = PBXGroup;
			children = (
				2346DCD92577B76500F80661 /* Util */,
				2346DCD82577B76000F80661 /* Scene */,
			);
			path = App;
			sourceTree = "<group>";
		};
		2346DCC92577B67C00F80661 /* ApiClient */ = {
			isa = PBXGroup;
			children = (
				2346DD56257814AA00F80661 /* Interceptor */,
				2346DCD42577B6E000F80661 /* ResponseHandler */,
				2346DCCA2577B6A200F80661 /* ApiEndpoint.swift */,
				2346DCCE2577B6BA00F80661 /* Requests.swift */,
				2346DCD12577B6CC00F80661 /* ApiBaseGateway.swift */,
			);
			path = ApiClient;
			sourceTree = "<group>";
		};
		2346DCD42577B6E000F80661 /* ResponseHandler */ = {
			isa = PBXGroup;
			children = (
				2346DD5B2578156300F80661 /* ErrorResponseHandler.swift */,
			);
			path = ResponseHandler;
			sourceTree = "<group>";
		};
		2346DCD52577B70200F80661 /* Gateway */ = {
			isa = PBXGroup;
			children = (
				2346DD3125780C7100F80661 /* ApiVacancyGateway.swift */,
			);
			path = Gateway;
			sourceTree = "<group>";
		};
		2346DCD62577B70F00F80661 /* UseCases */ = {
			isa = PBXGroup;
			children = (
				2346DD3825780D9900F80661 /* VacancyUseCase.swift */,
			);
			path = UseCases;
			sourceTree = "<group>";
		};
		2346DCD72577B71B00F80661 /* Entity */ = {
			isa = PBXGroup;
			children = (
				2346DD2D257807EE00F80661 /* VacancyEntity.swift */,
				230644B3257A8DD500C4465A /* VacancyForDayEntity.swift */,
				2336DD2D257D74670068ECFD /* ApiPageEntitiy.swift */,
			);
			path = Entity;
			sourceTree = "<group>";
		};
		2346DCD82577B76000F80661 /* Scene */ = {
			isa = PBXGroup;
			children = (
				230644AE257A5CB100C4465A /* CustomNavigationController */,
				2346DCDC2577B86800F80661 /* AppDelegate */,
				2346DCDD2577B87E00F80661 /* JobsList */,
				2346DCDE2577B88E00F80661 /* JobsDetail */,
			);
			path = Scene;
			sourceTree = "<group>";
		};
		2346DCD92577B76500F80661 /* Util */ = {
			isa = PBXGroup;
			children = (
				2346DCDA2577B7CD00F80661 /* Base */,
				2346DCDB2577B85F00F80661 /* View */,
				2346DD102577CEEC00F80661 /* NavigationControllerUtil.swift */,
				2346DD242577D1C300F80661 /* TableViewUtil.swift */,
				2346DD272577D1DC00F80661 /* DateFormatterUtil.swift */,
			);
			path = Util;
			sourceTree = "<group>";
		};
		2346DCDA2577B7CD00F80661 /* Base */ = {
			isa = PBXGroup;
			children = (
				2346DD0A2577CE5500F80661 /* BaseRouter.swift */,
				2346DD0D2577CE7D00F80661 /* BaseView.swift */,
			);
			path = Base;
			sourceTree = "<group>";
		};
		2346DCDB2577B85F00F80661 /* View */ = {
			isa = PBXGroup;
			children = (
				2346DD152577CF4E00F80661 /* LoadView */,
				2346DD132577CF4E00F80661 /* StubView.swift */,
				2346DD142577CF4E00F80661 /* StubView.xib */,
			);
			path = View;
			sourceTree = "<group>";
		};
		2346DCDC2577B86800F80661 /* AppDelegate */ = {
			isa = PBXGroup;
			children = (
				237A8BDA2577ADF60026898B /* AppDelegate.swift */,
				237A8BDC2577ADF60026898B /* SceneDelegate.swift */,
			);
			path = AppDelegate;
			sourceTree = "<group>";
		};
		2346DCDD2577B87E00F80661 /* JobsList */ = {
			isa = PBXGroup;
			children = (
				237A8BE02577ADF60026898B /* JobsList.storyboard */,
				2346DCE52577C2C500F80661 /* JobsListViewController.swift */,
				2346DCF72577C39D00F80661 /* JobsListPresenter.swift */,
				2336DD27257D6C600068ECFD /* VacancyInteractor.swift */,
				2346DCFA2577C3A500F80661 /* JobsListConfigurator.swift */,
				2346DCFD2577C3AD00F80661 /* JobsListRouter.swift */,
				2346DCE92577C32A00F80661 /* Cell */,
			);
			path = JobsList;
			sourceTree = "<group>";
		};
		2346DCDE2577B88E00F80661 /* JobsDetail */ = {
			isa = PBXGroup;
			children = (
				2346DCE12577C1FF00F80661 /* JobsDetail.storyboard */,
				2346DCEB2577C34A00F80661 /* JobsDetailViewController.swift */,
				2346DCEE2577C38100F80661 /* JobsDetailPresenter.swift */,
				2346DCF12577C38900F80661 /* JobsDetailConfigurator.swift */,
				2346DCF42577C39000F80661 /* JobsDetailRouter.swift */,
			);
			path = JobsDetail;
			sourceTree = "<group>";
		};
		2346DCE92577C32A00F80661 /* Cell */ = {
			isa = PBXGroup;
			children = (
				2346DD002577C3E500F80661 /* JobsListCell.swift */,
				2346DD012577C3E500F80661 /* JobsListCell.xib */,
				2346DD052577C3FC00F80661 /* JobsListHeaderCell.swift */,
				2346DD062577C3FC00F80661 /* JobsListHeaderCell.xib */,
			);
			path = Cell;
			sourceTree = "<group>";
		};
		2346DD152577CF4E00F80661 /* LoadView */ = {
			isa = PBXGroup;
			children = (
				2346DD162577CF4E00F80661 /* StubLoad.xib */,
				2346DD172577CF4E00F80661 /* StubLoad.swift */,
			);
			path = LoadView;
			sourceTree = "<group>";
		};
		2346DD56257814AA00F80661 /* Interceptor */ = {
			isa = PBXGroup;
			children = (
				2346DD57257814B800F80661 /* ExtendedLoggingInterceptor.swift */,
			);
			path = Interceptor;
			sourceTree = "<group>";
		};
		237A8BCE2577ADF60026898B = {
			isa = PBXGroup;
			children = (
				237A8BD92577ADF60026898B /* GitHubJobs */,
				237A8BD82577ADF60026898B /* Products */,
				9A37C300671A09F2C5651721 /* Pods */,
				0EC8E876DE0D295682CCE8A5 /* Frameworks */,
			);
			sourceTree = "<group>";
		};
		237A8BD82577ADF60026898B /* Products */ = {
			isa = PBXGroup;
			children = (
				237A8BD72577ADF60026898B /* GitHubJobs.app */,
			);
			name = Products;
			sourceTree = "<group>";
		};
		237A8BD92577ADF60026898B /* GitHubJobs */ = {
			isa = PBXGroup;
			children = (
				2346DCA32577B40D00F80661 /* R.generated.swift */,
				2346DCC22577B56B00F80661 /* DI.swift */,
				2346DCC52577B5B600F80661 /* Src */,
				2346DCC62577B5C900F80661 /* SupportingFiles */,
			);
			path = GitHubJobs;
			sourceTree = "<group>";
		};
		9A37C300671A09F2C5651721 /* Pods */ = {
			isa = PBXGroup;
			children = (
				B72594A25CDC10EE159F08B7 /* Pods-GitHubJobs.debug.xcconfig */,
				C11A95C0DE3B5E1888A6BC76 /* Pods-GitHubJobs.release.xcconfig */,
			);
			path = Pods;
			sourceTree = "<group>";
		};
/* End PBXGroup section */

/* Begin PBXNativeTarget section */
		237A8BD62577ADF60026898B /* GitHubJobs */ = {
			isa = PBXNativeTarget;
			buildConfigurationList = 237A8BEB2577ADF90026898B /* Build configuration list for PBXNativeTarget "GitHubJobs" */;
			buildPhases = (
				A9ED8FB68B964F1BC3F3A8A9 /* [CP] Check Pods Manifest.lock */,
				2346DC9B2577B0DD00F80661 /* ShellScript */,
				237A8BD32577ADF60026898B /* Sources */,
				237A8BD42577ADF60026898B /* Frameworks */,
				237A8BD52577ADF60026898B /* Resources */,
				1E0F406BF05036924A0F0F6B /* [CP] Embed Pods Frameworks */,
				230644BB257D0EE300C4465A /* ShellScript */,
			);
			buildRules = (
			);
			dependencies = (
			);
			name = GitHubJobs;
			productName = GitHubJobs;
			productReference = 237A8BD72577ADF60026898B /* GitHubJobs.app */;
			productType = "com.apple.product-type.application";
		};
/* End PBXNativeTarget section */

/* Begin PBXProject section */
		237A8BCF2577ADF60026898B /* Project object */ = {
			isa = PBXProject;
			attributes = {
				LastSwiftUpdateCheck = 1220;
				LastUpgradeCheck = 1220;
				TargetAttributes = {
					237A8BD62577ADF60026898B = {
						CreatedOnToolsVersion = 12.2;
					};
				};
			};
			buildConfigurationList = 237A8BD22577ADF60026898B /* Build configuration list for PBXProject "GitHubJobs" */;
			compatibilityVersion = "Xcode 11.0";
			developmentRegion = en;
			hasScannedForEncodings = 0;
			knownRegions = (
				en,
				Base,
			);
			mainGroup = 237A8BCE2577ADF60026898B;
			productRefGroup = 237A8BD82577ADF60026898B /* Products */;
			projectDirPath = "";
			projectRoot = "";
			targets = (
				237A8BD62577ADF60026898B /* GitHubJobs */,
			);
		};
/* End PBXProject section */

/* Begin PBXResourcesBuildPhase section */
		237A8BD52577ADF60026898B /* Resources */ = {
			isa = PBXResourcesBuildPhase;
			buildActionMask = 2147483647;
			files = (
				2346DD1B2577CF4E00F80661 /* StubView.xib in Resources */,
				237A8BE72577ADF90026898B /* LaunchScreen.storyboard in Resources */,
				2346DD032577C3E500F80661 /* JobsListCell.xib in Resources */,
				2346DD1C2577CF4E00F80661 /* StubLoad.xib in Resources */,
				2346DD082577C3FC00F80661 /* JobsListHeaderCell.xib in Resources */,
				2346DCE22577C1FF00F80661 /* JobsDetail.storyboard in Resources */,
				237A8BE42577ADF90026898B /* Assets.xcassets in Resources */,
				237A8BE22577ADF60026898B /* JobsList.storyboard in Resources */,
			);
			runOnlyForDeploymentPostprocessing = 0;
		};
/* End PBXResourcesBuildPhase section */

/* Begin PBXShellScriptBuildPhase section */
		1E0F406BF05036924A0F0F6B /* [CP] Embed Pods Frameworks */ = {
			isa = PBXShellScriptBuildPhase;
			buildActionMask = 2147483647;
			files = (
			);
			inputFileListPaths = (
				"${PODS_ROOT}/Target Support Files/Pods-GitHubJobs/Pods-GitHubJobs-frameworks-${CONFIGURATION}-input-files.xcfilelist",
			);
			name = "[CP] Embed Pods Frameworks";
			outputFileListPaths = (
				"${PODS_ROOT}/Target Support Files/Pods-GitHubJobs/Pods-GitHubJobs-frameworks-${CONFIGURATION}-output-files.xcfilelist",
			);
			runOnlyForDeploymentPostprocessing = 0;
			shellPath = /bin/sh;
			shellScript = "\"${PODS_ROOT}/Target Support Files/Pods-GitHubJobs/Pods-GitHubJobs-frameworks.sh\"\n";
			showEnvVarsInLog = 0;
		};
		230644BB257D0EE300C4465A /* ShellScript */ = {
			isa = PBXShellScriptBuildPhase;
			buildActionMask = 2147483647;
			files = (
			);
			inputFileListPaths = (
			);
			inputPaths = (
			);
			outputFileListPaths = (
			);
			outputPaths = (
			);
			runOnlyForDeploymentPostprocessing = 0;
			shellPath = /bin/sh;
			shellScript = "if which swiftlint >/dev/null; then\n  swiftlint\nelse\n  echo \"error: SwiftLint does not exist, install it by 'brew install swiftlint'. More: https://github.com/realm/SwiftLint\"\n  exit 1\nfi\n";
		};
		2346DC9B2577B0DD00F80661 /* ShellScript */ = {
			isa = PBXShellScriptBuildPhase;
			buildActionMask = 2147483647;
			files = (
			);
			inputFileListPaths = (
			);
			inputPaths = (
				"$TEMP_DIR/rswift-lastrun",
			);
			outputFileListPaths = (
			);
			outputPaths = (
				$SRCROOT/GitHubJobs/R.generated.swift,
			);
			runOnlyForDeploymentPostprocessing = 0;
			shellPath = /bin/sh;
			shellScript = "\"$PODS_ROOT/R.swift/rswift\" generate \"$SRCROOT/GitHubJobs/R.generated.swift\"\n";
		};
		A9ED8FB68B964F1BC3F3A8A9 /* [CP] Check Pods Manifest.lock */ = {
			isa = PBXShellScriptBuildPhase;
			buildActionMask = 2147483647;
			files = (
			);
			inputFileListPaths = (
			);
			inputPaths = (
				"${PODS_PODFILE_DIR_PATH}/Podfile.lock",
				"${PODS_ROOT}/Manifest.lock",
			);
			name = "[CP] Check Pods Manifest.lock";
			outputFileListPaths = (
			);
			outputPaths = (
				"$(DERIVED_FILE_DIR)/Pods-GitHubJobs-checkManifestLockResult.txt",
			);
			runOnlyForDeploymentPostprocessing = 0;
			shellPath = /bin/sh;
			shellScript = "diff \"${PODS_PODFILE_DIR_PATH}/Podfile.lock\" \"${PODS_ROOT}/Manifest.lock\" > /dev/null\nif [ $? != 0 ] ; then\n    # print error to STDERR\n    echo \"error: The sandbox is not in sync with the Podfile.lock. Run 'pod install' or update your CocoaPods installation.\" >&2\n    exit 1\nfi\n# This output is used by Xcode 'outputs' to avoid re-running this script phase.\necho \"SUCCESS\" > \"${SCRIPT_OUTPUT_FILE_0}\"\n";
			showEnvVarsInLog = 0;
		};
/* End PBXShellScriptBuildPhase section */

/* Begin PBXSourcesBuildPhase section */
		237A8BD32577ADF60026898B /* Sources */ = {
			isa = PBXSourcesBuildPhase;
			buildActionMask = 2147483647;
			files = (
				230644CB257D3CE300C4465A /* VacancyEndpoint.swift in Sources */,
				2346DCFB2577C3A500F80661 /* JobsListConfigurator.swift in Sources */,
				2346DD0B2577CE5500F80661 /* BaseRouter.swift in Sources */,
				2336DD28257D6C600068ECFD /* VacancyInteractor.swift in Sources */,
				2336DD2E257D74670068ECFD /* ApiPageEntitiy.swift in Sources */,
				237A8BDB2577ADF60026898B /* AppDelegate.swift in Sources */,
				2346DD58257814B800F80661 /* ExtendedLoggingInterceptor.swift in Sources */,
				2346DD112577CEEC00F80661 /* NavigationControllerUtil.swift in Sources */,
				2346DD3925780D9900F80661 /* VacancyUseCase.swift in Sources */,
				230644DE257D58A300C4465A /* ServiceLayer.swift in Sources */,
				237A8BDD2577ADF60026898B /* SceneDelegate.swift in Sources */,
				2346DD1A2577CF4E00F80661 /* StubView.swift in Sources */,
				2346DCE62577C2C500F80661 /* JobsListViewController.swift in Sources */,
				2346DD2E257807EE00F80661 /* VacancyEntity.swift in Sources */,
				230644C3257D3C4200C4465A /* EndPoint.swift in Sources */,
				230644C7257D3C6200C4465A /* ApiClient.swift in Sources */,
				2346DCEC2577C34A00F80661 /* JobsDetailViewController.swift in Sources */,
				230644CE257D55D900C4465A /* VacancyApiService.swift in Sources */,
				2346DD072577C3FC00F80661 /* JobsListHeaderCell.swift in Sources */,
				2346DCC32577B56B00F80661 /* DI.swift in Sources */,
				2346DCFE2577C3AD00F80661 /* JobsListRouter.swift in Sources */,
				2346DD022577C3E500F80661 /* JobsListCell.swift in Sources */,
				2346DCA42577B40D00F80661 /* R.generated.swift in Sources */,
				2346DD3225780C7100F80661 /* ApiVacancyGateway.swift in Sources */,
				2346DD1D2577CF4E00F80661 /* StubLoad.swift in Sources */,
				2346DD252577D1C300F80661 /* TableViewUtil.swift in Sources */,
				2346DCCF2577B6BA00F80661 /* Requests.swift in Sources */,
				2346DCEF2577C38100F80661 /* JobsDetailPresenter.swift in Sources */,
				230644B4257A8DD500C4465A /* VacancyForDayEntity.swift in Sources */,
				2346DCD22577B6CC00F80661 /* ApiBaseGateway.swift in Sources */,
				2346DCF82577C39D00F80661 /* JobsListPresenter.swift in Sources */,
				2346DCF22577C38900F80661 /* JobsDetailConfigurator.swift in Sources */,
				2346DD5C2578156300F80661 /* ErrorResponseHandler.swift in Sources */,
				2346DD282577D1DC00F80661 /* DateFormatterUtil.swift in Sources */,
				2346DD0E2577CE7D00F80661 /* BaseView.swift in Sources */,
				2346DCCB2577B6A200F80661 /* ApiEndpoint.swift in Sources */,
				230644B0257A5CD600C4465A /* CustomNavigationController.swift in Sources */,
				2346DCF52577C39000F80661 /* JobsDetailRouter.swift in Sources */,
			);
			runOnlyForDeploymentPostprocessing = 0;
		};
/* End PBXSourcesBuildPhase section */

/* Begin PBXVariantGroup section */
		237A8BE02577ADF60026898B /* JobsList.storyboard */ = {
			isa = PBXVariantGroup;
			children = (
				237A8BE12577ADF60026898B /* Base */,
			);
			name = JobsList.storyboard;
			sourceTree = "<group>";
		};
		237A8BE52577ADF90026898B /* LaunchScreen.storyboard */ = {
			isa = PBXVariantGroup;
			children = (
				237A8BE62577ADF90026898B /* Base */,
			);
			name = LaunchScreen.storyboard;
			sourceTree = "<group>";
		};
/* End PBXVariantGroup section */

/* Begin XCBuildConfiguration section */
		237A8BE92577ADF90026898B /* Debug */ = {
			isa = XCBuildConfiguration;
			buildSettings = {
				ALWAYS_SEARCH_USER_PATHS = NO;
				CLANG_ANALYZER_NONNULL = YES;
				CLANG_ANALYZER_NUMBER_OBJECT_CONVERSION = YES_AGGRESSIVE;
				CLANG_CXX_LANGUAGE_STANDARD = "gnu++14";
				CLANG_CXX_LIBRARY = "libc++";
				CLANG_ENABLE_MODULES = YES;
				CLANG_ENABLE_OBJC_ARC = YES;
				CLANG_ENABLE_OBJC_WEAK = YES;
				CLANG_WARN_BLOCK_CAPTURE_AUTORELEASING = YES;
				CLANG_WARN_BOOL_CONVERSION = YES;
				CLANG_WARN_COMMA = YES;
				CLANG_WARN_CONSTANT_CONVERSION = YES;
				CLANG_WARN_DEPRECATED_OBJC_IMPLEMENTATIONS = YES;
				CLANG_WARN_DIRECT_OBJC_ISA_USAGE = YES_ERROR;
				CLANG_WARN_DOCUMENTATION_COMMENTS = YES;
				CLANG_WARN_EMPTY_BODY = YES;
				CLANG_WARN_ENUM_CONVERSION = YES;
				CLANG_WARN_INFINITE_RECURSION = YES;
				CLANG_WARN_INT_CONVERSION = YES;
				CLANG_WARN_NON_LITERAL_NULL_CONVERSION = YES;
				CLANG_WARN_OBJC_IMPLICIT_RETAIN_SELF = YES;
				CLANG_WARN_OBJC_LITERAL_CONVERSION = YES;
				CLANG_WARN_OBJC_ROOT_CLASS = YES_ERROR;
				CLANG_WARN_QUOTED_INCLUDE_IN_FRAMEWORK_HEADER = YES;
				CLANG_WARN_RANGE_LOOP_ANALYSIS = YES;
				CLANG_WARN_STRICT_PROTOTYPES = YES;
				CLANG_WARN_SUSPICIOUS_MOVE = YES;
				CLANG_WARN_UNGUARDED_AVAILABILITY = YES_AGGRESSIVE;
				CLANG_WARN_UNREACHABLE_CODE = YES;
				CLANG_WARN__DUPLICATE_METHOD_MATCH = YES;
				COPY_PHASE_STRIP = NO;
				DEBUG_INFORMATION_FORMAT = dwarf;
				ENABLE_STRICT_OBJC_MSGSEND = YES;
				ENABLE_TESTABILITY = YES;
				GCC_C_LANGUAGE_STANDARD = gnu11;
				GCC_DYNAMIC_NO_PIC = NO;
				GCC_NO_COMMON_BLOCKS = YES;
				GCC_OPTIMIZATION_LEVEL = 0;
				GCC_PREPROCESSOR_DEFINITIONS = (
					"DEBUG=1",
					"$(inherited)",
				);
				GCC_WARN_64_TO_32_BIT_CONVERSION = YES;
				GCC_WARN_ABOUT_RETURN_TYPE = YES_ERROR;
				GCC_WARN_UNDECLARED_SELECTOR = YES;
				GCC_WARN_UNINITIALIZED_AUTOS = YES_AGGRESSIVE;
				GCC_WARN_UNUSED_FUNCTION = YES;
				GCC_WARN_UNUSED_VARIABLE = YES;
				IPHONEOS_DEPLOYMENT_TARGET = 12.0;
				MTL_ENABLE_DEBUG_INFO = INCLUDE_SOURCE;
				MTL_FAST_MATH = YES;
				ONLY_ACTIVE_ARCH = YES;
				SDKROOT = iphoneos;
				SWIFT_ACTIVE_COMPILATION_CONDITIONS = DEBUG;
				SWIFT_OPTIMIZATION_LEVEL = "-Onone";
			};
			name = Debug;
		};
		237A8BEA2577ADF90026898B /* Release */ = {
			isa = XCBuildConfiguration;
			buildSettings = {
				ALWAYS_SEARCH_USER_PATHS = NO;
				CLANG_ANALYZER_NONNULL = YES;
				CLANG_ANALYZER_NUMBER_OBJECT_CONVERSION = YES_AGGRESSIVE;
				CLANG_CXX_LANGUAGE_STANDARD = "gnu++14";
				CLANG_CXX_LIBRARY = "libc++";
				CLANG_ENABLE_MODULES = YES;
				CLANG_ENABLE_OBJC_ARC = YES;
				CLANG_ENABLE_OBJC_WEAK = YES;
				CLANG_WARN_BLOCK_CAPTURE_AUTORELEASING = YES;
				CLANG_WARN_BOOL_CONVERSION = YES;
				CLANG_WARN_COMMA = YES;
				CLANG_WARN_CONSTANT_CONVERSION = YES;
				CLANG_WARN_DEPRECATED_OBJC_IMPLEMENTATIONS = YES;
				CLANG_WARN_DIRECT_OBJC_ISA_USAGE = YES_ERROR;
				CLANG_WARN_DOCUMENTATION_COMMENTS = YES;
				CLANG_WARN_EMPTY_BODY = YES;
				CLANG_WARN_ENUM_CONVERSION = YES;
				CLANG_WARN_INFINITE_RECURSION = YES;
				CLANG_WARN_INT_CONVERSION = YES;
				CLANG_WARN_NON_LITERAL_NULL_CONVERSION = YES;
				CLANG_WARN_OBJC_IMPLICIT_RETAIN_SELF = YES;
				CLANG_WARN_OBJC_LITERAL_CONVERSION = YES;
				CLANG_WARN_OBJC_ROOT_CLASS = YES_ERROR;
				CLANG_WARN_QUOTED_INCLUDE_IN_FRAMEWORK_HEADER = YES;
				CLANG_WARN_RANGE_LOOP_ANALYSIS = YES;
				CLANG_WARN_STRICT_PROTOTYPES = YES;
				CLANG_WARN_SUSPICIOUS_MOVE = YES;
				CLANG_WARN_UNGUARDED_AVAILABILITY = YES_AGGRESSIVE;
				CLANG_WARN_UNREACHABLE_CODE = YES;
				CLANG_WARN__DUPLICATE_METHOD_MATCH = YES;
				COPY_PHASE_STRIP = NO;
				DEBUG_INFORMATION_FORMAT = "dwarf-with-dsym";
				ENABLE_NS_ASSERTIONS = NO;
				ENABLE_STRICT_OBJC_MSGSEND = YES;
				GCC_C_LANGUAGE_STANDARD = gnu11;
				GCC_NO_COMMON_BLOCKS = YES;
				GCC_WARN_64_TO_32_BIT_CONVERSION = YES;
				GCC_WARN_ABOUT_RETURN_TYPE = YES_ERROR;
				GCC_WARN_UNDECLARED_SELECTOR = YES;
				GCC_WARN_UNINITIALIZED_AUTOS = YES_AGGRESSIVE;
				GCC_WARN_UNUSED_FUNCTION = YES;
				GCC_WARN_UNUSED_VARIABLE = YES;
				IPHONEOS_DEPLOYMENT_TARGET = 12.0;
				MTL_ENABLE_DEBUG_INFO = NO;
				MTL_FAST_MATH = YES;
				SDKROOT = iphoneos;
				SWIFT_COMPILATION_MODE = wholemodule;
				SWIFT_OPTIMIZATION_LEVEL = "-O";
				VALIDATE_PRODUCT = YES;
			};
			name = Release;
		};
		237A8BEC2577ADF90026898B /* Debug */ = {
			isa = XCBuildConfiguration;
			baseConfigurationReference = B72594A25CDC10EE159F08B7 /* Pods-GitHubJobs.debug.xcconfig */;
			buildSettings = {
				ASSETCATALOG_COMPILER_APPICON_NAME = AppIcon;
				ASSETCATALOG_COMPILER_GLOBAL_ACCENT_COLOR_NAME = AccentColor;
				CODE_SIGN_STYLE = Automatic;
				DEVELOPMENT_TEAM = 3S5R8NK9K6;
				INFOPLIST_FILE = GitHubJobs/SupportingFiles/Info.plist;
				IPHONEOS_DEPLOYMENT_TARGET = 12.0;
				LD_RUNPATH_SEARCH_PATHS = (
					"$(inherited)",
					"@executable_path/Frameworks",
				);
				PRODUCT_BUNDLE_IDENTIFIER = Agarkov.GitHubJobs;
				PRODUCT_NAME = "$(TARGET_NAME)";
				SWIFT_VERSION = 5.0;
				TARGETED_DEVICE_FAMILY = "1,2";
			};
			name = Debug;
		};
		237A8BED2577ADF90026898B /* Release */ = {
			isa = XCBuildConfiguration;
			baseConfigurationReference = C11A95C0DE3B5E1888A6BC76 /* Pods-GitHubJobs.release.xcconfig */;
			buildSettings = {
				ASSETCATALOG_COMPILER_APPICON_NAME = AppIcon;
				ASSETCATALOG_COMPILER_GLOBAL_ACCENT_COLOR_NAME = AccentColor;
				CODE_SIGN_STYLE = Automatic;
				DEVELOPMENT_TEAM = 3S5R8NK9K6;
				INFOPLIST_FILE = GitHubJobs/SupportingFiles/Info.plist;
				IPHONEOS_DEPLOYMENT_TARGET = 12.0;
				LD_RUNPATH_SEARCH_PATHS = (
					"$(inherited)",
					"@executable_path/Frameworks",
				);
				PRODUCT_BUNDLE_IDENTIFIER = Agarkov.GitHubJobs;
				PRODUCT_NAME = "$(TARGET_NAME)";
				SWIFT_VERSION = 5.0;
				TARGETED_DEVICE_FAMILY = "1,2";
			};
			name = Release;
		};
/* End XCBuildConfiguration section */

/* Begin XCConfigurationList section */
		237A8BD22577ADF60026898B /* Build configuration list for PBXProject "GitHubJobs" */ = {
			isa = XCConfigurationList;
			buildConfigurations = (
				237A8BE92577ADF90026898B /* Debug */,
				237A8BEA2577ADF90026898B /* Release */,
			);
			defaultConfigurationIsVisible = 0;
			defaultConfigurationName = Release;
		};
		237A8BEB2577ADF90026898B /* Build configuration list for PBXNativeTarget "GitHubJobs" */ = {
			isa = XCConfigurationList;
			buildConfigurations = (
				237A8BEC2577ADF90026898B /* Debug */,
				237A8BED2577ADF90026898B /* Release */,
			);
			defaultConfigurationIsVisible = 0;
			defaultConfigurationName = Release;
		};
/* End XCConfigurationList section */
	};
	rootObject = 237A8BCF2577ADF60026898B /* Project object */;
}
